{
  "name": "slot-bot",
  "version": "0.0.16",
  "lockfileVersion": 1,
  "requires": true,
  "dependencies": {
    "css-observe": {
      "version": "0.0.27",
      "resolved": "https://registry.npmjs.org/css-observe/-/css-observe-0.0.27.tgz",
      "integrity": "sha512-bXwsaYeuZ1+KT89kXVA4ijqhMXD4iGhEitFb/DV7SVFDsAOKc9NMWLqVmD6tTZV9Hb9+K/LXvrIYpqyRZSG6iw==",
      "dev": true,
      "requires": {
        "trans-render": "0.0.267",
        "xtal-element": "0.0.310"
      },
      "dependencies": {
        "trans-render": {
          "version": "0.0.267",
          "resolved": "https://registry.npmjs.org/trans-render/-/trans-render-0.0.267.tgz",
          "integrity": "sha512-A8pNuLG7yUSvm5Ce5DS3yAyXMJVdARKntvh5pninDTNKBI/bHJiBnd4WCbp8sN6W6k/wbaoy7tWhwtKfTgLXHQ==",
          "dev": true
        },
        "xtal-element": {
          "version": "0.0.310",
          "resolved": "https://registry.npmjs.org/xtal-element/-/xtal-element-0.0.310.tgz",
          "integrity": "sha512-lwGyTzuzJWPOWh3v0G1uDZ29GRkaaS8kqRLOmYbRCra1KshZ3bF4GMosBS+WIbhmCT49Xd3lVd4dKlzgTyFtuA==",
          "dev": true,
          "requires": {
            "trans-render": "0.0.267"
          }
        }
      }
    },
    "slot-bot": {
      "version": "0.0.15",
      "resolved": "https://registry.npmjs.org/slot-bot/-/slot-bot-0.0.15.tgz",
      "integrity": "sha512-cpiAxT4GdFmiaFh+yA1yxYzM/8LGrmxmreIcdoU6UXgEs/EzswZojQesbVRAxw0FBeTZkNFTO0H5tllJmIw60g==",
      "dev": true,
      "requires": {
        "trans-render": "0.0.398"
      },
      "dependencies": {
        "trans-render": {
          "version": "0.0.398",
          "resolved": "https://registry.npmjs.org/trans-render/-/trans-render-0.0.398.tgz",
          "integrity": "sha512-JlQFI7Ns7PF3NPJSN3BCDuraxFYzPGFzUvx2PAzvxrm0WhkIBkKITHYO/gBQrV4a75Donj9tTi2TZfkiD9vNgg==",
          "dev": true
        }
      }
    },
    "trans-render": {
      "version": "0.0.422",
      "resolved": "https://registry.npmjs.org/trans-render/-/trans-render-0.0.422.tgz",
      "integrity": "sha512-jt36ynrONDZ0vJSQGQEqKsUIGNkJqGy0ZhsUkDpSMtsDHLQbn3Ur/O+NPUe1rAj2ZUzMwzmGPY4GMCnzSHFsmw=="
    },
    "xtal-element": {
      "version": "0.0.448",
      "resolved": "https://registry.npmjs.org/xtal-element/-/xtal-element-0.0.448.tgz",
      "integrity": "sha512-DBISnp9sCGp8ky5fLNaVVU0h8SxafGpL3qX4q7g4a+Iur/lPHFYMDZ0U+reMTK4tanquhZKI/bEhdnWHXD40kw==",
      "dev": true,
      "requires": {
        "trans-render": "0.0.422"
      }
    },
    "xtal-sip": {
      "version": "0.0.117",
      "resolved": "https://registry.npmjs.org/xtal-sip/-/xtal-sip-0.0.117.tgz",
      "integrity": "sha512-66dWLzmHn3kfuW0E6wz2n/1DkU/IGp0t4rGX5i0W4aq7TqnKC1oVN6c7vM5YsQmtiBgKcX6jzrdIkaAgbo+jcA==",
      "dev": true,
      "requires": {
        "css-observe": "0.0.27",
        "trans-render": "0.0.269",
        "xtal-element": "0.0.315"
      },
      "dependencies": {
        "trans-render": {
          "version": "0.0.269",
          "resolved": "https://registry.npmjs.org/trans-render/-/trans-render-0.0.269.tgz",
          "integrity": "sha512-Db+wK9uwjf/uvFCdGKpSfrdk2mdgNYtqOD3LHb7lKcuIPy7mgBcFYmyuLVtubzpp1iE5LtoE8Am1szRysQ+mag==",
          "dev": true
        },
        "xtal-element": {
          "version": "0.0.315",
          "resolved": "https://registry.npmjs.org/xtal-element/-/xtal-element-0.0.315.tgz",
          "integrity": "sha512-/fiDJux2obkZiFXBD8Edsc9D7VwvI9cOWCtNlct2Kttlotr92RBqpekoekvr9aeO9L6WVyFFWdwv+UJMEEvLAA==",
          "dev": true,
          "requires": {
            "trans-render": "0.0.269"
          }
        }
      }
    },
    "xtal-test": {
      "version": "0.0.57",
      "resolved": "https://registry.npmjs.org/xtal-test/-/xtal-test-0.0.57.tgz",
      "integrity": "sha512-DcU64VhNUsSSuDYsEPFrIOJjsve7Z/tyRa+QLQ6ioEta+ZpnLJGgi6n/WAtz/EXKWAjxfvxtsvkVnqOgGznOAA==",
      "dev": true
    },
    "xtal-timeline": {
      "version": "0.0.9",
      "resolved": "https://registry.npmjs.org/xtal-timeline/-/xtal-timeline-0.0.9.tgz",
      "integrity": "sha512-t0k+KPrhMdfPNUJIxbPZJklCryVzeFEP6M2OuAqm0FbCNe52XhawfFGO8m79wY7/dTGraV8WwrC9ahu7c9/REA==",
      "dev": true,
      "requires": {
        "slot-bot": "0.0.15",
        "trans-render": "0.0.422",
        "xtal-element": "0.0.448",
        "xtal-sip": "0.0.117"
      }
    }
  }
}
